// !$*UTF8*$!
{
	archiveVersion = 1;
	classes = {
	};
	objectVersion = 46;
	objects = {

/* Begin PBXBuildFile section */
		578A2C161B1451EE000137A7 /* main.m in Sources */ = {isa = PBXBuildFile; fileRef = 578A2C151B1451EE000137A7 /* main.m */; };
		578A2C191B1451EE000137A7 /* AppDelegate.m in Sources */ = {isa = PBXBuildFile; fileRef = 578A2C181B1451EE000137A7 /* AppDelegate.m */; };
		578A2C1C1B1451EE000137A7 /* GameScene.m in Sources */ = {isa = PBXBuildFile; fileRef = 578A2C1B1B1451EE000137A7 /* GameScene.m */; };
		578A2C1E1B1451EE000137A7 /* GameScene.sks in Resources */ = {isa = PBXBuildFile; fileRef = 578A2C1D1B1451EE000137A7 /* GameScene.sks */; };
		578A2C211B1451EE000137A7 /* GameViewController.m in Sources */ = {isa = PBXBuildFile; fileRef = 578A2C201B1451EE000137A7 /* GameViewController.m */; };
		578A2C241B1451EE000137A7 /* Main.storyboard in Resources */ = {isa = PBXBuildFile; fileRef = 578A2C221B1451EE000137A7 /* Main.storyboard */; };
		578A2C261B1451EE000137A7 /* Images.xcassets in Resources */ = {isa = PBXBuildFile; fileRef = 578A2C251B1451EE000137A7 /* Images.xcassets */; };
		578A2C291B1451EE000137A7 /* LaunchScreen.xib in Resources */ = {isa = PBXBuildFile; fileRef = 578A2C271B1451EE000137A7 /* LaunchScreen.xib */; };
		578A2C351B1451EE000137A7 /* MathMarathonTests.m in Sources */ = {isa = PBXBuildFile; fileRef = 578A2C341B1451EE000137A7 /* MathMarathonTests.m */; };
/* End PBXBuildFile section */

/* Begin PBXContainerItemProxy section */
		578A2C2F1B1451EE000137A7 /* PBXContainerItemProxy */ = {
			isa = PBXContainerItemProxy;
			containerPortal = 578A2C081B1451EE000137A7 /* Project object */;
			proxyType = 1;
			remoteGlobalIDString = 578A2C0F1B1451EE000137A7;
			remoteInfo = MathMarathon;
		};
/* End PBXContainerItemProxy section */

/* Begin PBXFileReference section */
		578A2C101B1451EE000137A7 /* MathMarathon.app */ = {isa = PBXFileReference; explicitFileType = wrapper.application; includeInIndex = 0; path = MathMarathon.app; sourceTree = BUILT_PRODUCTS_DIR; };
		578A2C141B1451EE000137A7 /* Info.plist */ = {isa = PBXFileReference; lastKnownFileType = text.plist.xml; path = Info.plist; sourceTree = "<group>"; };
		578A2C151B1451EE000137A7 /* main.m */ = {isa = PBXFileReference; lastKnownFileType = sourcecode.c.objc; path = main.m; sourceTree = "<group>"; };
		578A2C171B1451EE000137A7 /* AppDelegate.h */ = {isa = PBXFileReference; lastKnownFileType = sourcecode.c.h; path = AppDelegate.h; sourceTree = "<group>"; };
		578A2C181B1451EE000137A7 /* AppDelegate.m */ = {isa = PBXFileReference; lastKnownFileType = sourcecode.c.objc; path = AppDelegate.m; sourceTree = "<group>"; };
		578A2C1A1B1451EE000137A7 /* GameScene.h */ = {isa = PBXFileReference; lastKnownFileType = sourcecode.c.h; path = GameScene.h; sourceTree = "<group>"; };
		578A2C1B1B1451EE000137A7 /* GameScene.m */ = {isa = PBXFileReference; lastKnownFileType = sourcecode.c.objc; path = GameScene.m; sourceTree = "<group>"; };
		578A2C1D1B1451EE000137A7 /* GameScene.sks */ = {isa = PBXFileReference; lastKnownFileType = file.sks; path = GameScene.sks; sourceTree = "<group>"; };
		578A2C1F1B1451EE000137A7 /* GameViewController.h */ = {isa = PBXFileReference; lastKnownFileType = sourcecode.c.h; path = GameViewController.h; sourceTree = "<group>"; };
		578A2C201B1451EE000137A7 /* GameViewController.m */ = {isa = PBXFileReference; lastKnownFileType = sourcecode.c.objc; path = GameViewController.m; sourceTree = "<group>"; };
		578A2C231B1451EE000137A7 /* Base */ = {isa = PBXFileReference; lastKnownFileType = file.storyboard; name = Base; path = Base.lproj/Main.storyboard; sourceTree = "<group>"; };
		578A2C251B1451EE000137A7 /* Images.xcassets */ = {isa = PBXFileReference; lastKnownFileType = folder.assetcatalog; path = Images.xcassets; sourceTree = "<group>"; };
		578A2C281B1451EE000137A7 /* Base */ = {isa = PBXFileReference; lastKnownFileType = file.xib; name = Base; path = Base.lproj/LaunchScreen.xib; sourceTree = "<group>"; };
		578A2C2E1B1451EE000137A7 /* MathMarathonTests.xctest */ = {isa = PBXFileReference; explicitFileType = wrapper.cfbundle; includeInIndex = 0; path = MathMarathonTests.xctest; sourceTree = BUILT_PRODUCTS_DIR; };
		578A2C331B1451EE000137A7 /* Info.plist */ = {isa = PBXFileReference; lastKnownFileType = text.plist.xml; path = Info.plist; sourceTree = "<group>"; };
		578A2C341B1451EE000137A7 /* MathMarathonTests.m */ = {isa = PBXFileReference; lastKnownFileType = sourcecode.c.objc; path = MathMarathonTests.m; sourceTree = "<group>"; };
/* End PBXFileReference section */

/* Begin PBXFrameworksBuildPhase section */
		578A2C0D1B1451EE000137A7 /* Frameworks */ = {
			isa = PBXFrameworksBuildPhase;
			buildActionMask = 2147483647;
			files = (
			);
			runOnlyForDeploymentPostprocessing = 0;
		};
		578A2C2B1B1451EE000137A7 /* Frameworks */ = {
			isa = PBXFrameworksBuildPhase;
			buildActionMask = 2147483647;
			files = (
			);
			runOnlyForDeploymentPostprocessing = 0;
		};
/* End PBXFrameworksBuildPhase section */

/* Begin PBXGroup section */
		578A2C071B1451EE000137A7 = {
			isa = PBXGroup;
			children = (
				578A2C121B1451EE000137A7 /* MathMarathon */,
				578A2C311B1451EE000137A7 /* MathMarathonTests */,
				578A2C111B1451EE000137A7 /* Products */,
			);
			sourceTree = "<group>";
		};
		578A2C111B1451EE000137A7 /* Products */ = {
			isa = PBXGroup;
			children = (
				578A2C101B1451EE000137A7 /* MathMarathon.app */,
				578A2C2E1B1451EE000137A7 /* MathMarathonTests.xctest */,
			);
			name = Products;
			sourceTree = "<group>";
		};
		578A2C121B1451EE000137A7 /* MathMarathon */ = {
			isa = PBXGroup;
			children = (
				578A2C171B1451EE000137A7 /* AppDelegate.h */,
				578A2C181B1451EE000137A7 /* AppDelegate.m */,
				578A2C1A1B1451EE000137A7 /* GameScene.h */,
				578A2C1B1B1451EE000137A7 /* GameScene.m */,
				578A2C1D1B1451EE000137A7 /* GameScene.sks */,
				578A2C1F1B1451EE000137A7 /* GameViewController.h */,
				578A2C201B1451EE000137A7 /* GameViewController.m */,
				578A2C221B1451EE000137A7 /* Main.storyboard */,
				578A2C251B1451EE000137A7 /* Images.xcassets */,
				578A2C271B1451EE000137A7 /* LaunchScreen.xib */,
				578A2C131B1451EE000137A7 /* Supporting Files */,
			);
			path = MathMarathon;
			sourceTree = "<group>";
		};
		578A2C131B1451EE000137A7 /* Supporting Files */ = {
			isa = PBXGroup;
			children = (
				578A2C141B1451EE000137A7 /* Info.plist */,
				578A2C151B1451EE000137A7 /* main.m */,
			);
			name = "Supporting Files";
			sourceTree = "<group>";
		};
		578A2C311B1451EE000137A7 /* MathMarathonTests */ = {
			isa = PBXGroup;
			children = (
				578A2C341B1451EE000137A7 /* MathMarathonTests.m */,
				578A2C321B1451EE000137A7 /* Supporting Files */,
			);
			path = MathMarathonTests;
			sourceTree = "<group>";
		};
		578A2C321B1451EE000137A7 /* Supporting Files */ = {
			isa = PBXGroup;
			children = (
				578A2C331B1451EE000137A7 /* Info.plist */,
			);
			name = "Supporting Files";
			sourceTree = "<group>";
		};
/* End PBXGroup section */

/* Begin PBXNativeTarget section */
		578A2C0F1B1451EE000137A7 /* MathMarathon */ = {
			isa = PBXNativeTarget;
			buildConfigurationList = 578A2C381B1451EE000137A7 /* Build configuration list for PBXNativeTarget "MathMarathon" */;
			buildPhases = (
				578A2C0C1B1451EE000137A7 /* Sources */,
				578A2C0D1B1451EE000137A7 /* Frameworks */,
				578A2C0E1B1451EE000137A7 /* Resources */,
			);
			buildRules = (
			);
			dependencies = (
			);
			name = MathMarathon;
			productName = MathMarathon;
			productReference = 578A2C101B1451EE000137A7 /* MathMarathon.app */;
			productType = "com.apple.product-type.application";
		};
		578A2C2D1B1451EE000137A7 /* MathMarathonTests */ = {
			isa = PBXNativeTarget;
			buildConfigurationList = 578A2C3B1B1451EE000137A7 /* Build configuration list for PBXNativeTarget "MathMarathonTests" */;
			buildPhases = (
				578A2C2A1B1451EE000137A7 /* Sources */,
				578A2C2B1B1451EE000137A7 /* Frameworks */,
				578A2C2C1B1451EE000137A7 /* Resources */,
			);
			buildRules = (
			);
			dependencies = (
				578A2C301B1451EE000137A7 /* PBXTargetDependency */,
			);
			name = MathMarathonTests;
			productName = MathMarathonTests;
			productReference = 578A2C2E1B1451EE000137A7 /* MathMarathonTests.xctest */;
			productType = "com.apple.product-type.bundle.unit-test";
		};
/* End PBXNativeTarget section */

/* Begin PBXProject section */
		578A2C081B1451EE000137A7 /* Project object */ = {
			isa = PBXProject;
			attributes = {
				LastUpgradeCheck = 0620;
				ORGANIZATIONNAME = BanhThien;
				TargetAttributes = {
					578A2C0F1B1451EE000137A7 = {
						CreatedOnToolsVersion = 6.2;
					};
					578A2C2D1B1451EE000137A7 = {
						CreatedOnToolsVersion = 6.2;
						TestTargetID = 578A2C0F1B1451EE000137A7;
					};
				};
			};
			buildConfigurationList = 578A2C0B1B1451EE000137A7 /* Build configuration list for PBXProject "MathMarathon" */;
			compatibilityVersion = "Xcode 3.2";
			developmentRegion = English;
			hasScannedForEncodings = 0;
			knownRegions = (
				en,
				Base,
			);
			mainGroup = 578A2C071B1451EE000137A7;
			productRefGroup = 578A2C111B1451EE000137A7 /* Products */;
			projectDirPath = "";
			projectRoot = "";
			targets = (
				578A2C0F1B1451EE000137A7 /* MathMarathon */,
				578A2C2D1B1451EE000137A7 /* MathMarathonTests */,
			);
		};
/* End PBXProject section */

/* Begin PBXResourcesBuildPhase section */
		578A2C0E1B1451EE000137A7 /* Resources */ = {
			isa = PBXResourcesBuildPhase;
			buildActionMask = 2147483647;
			files = (
				578A2C291B1451EE000137A7 /* LaunchScreen.xib in Resources */,
				578A2C261B1451EE000137A7 /* Images.xcassets in Resources */,
				578A2C1E1B1451EE000137A7 /* GameScene.sks in Resources */,
				578A2C241B1451EE000137A7 /* Main.storyboard in Resources */,
			);
			runOnlyForDeploymentPostprocessing = 0;
		};
		578A2C2C1B1451EE000137A7 /* Resources */ = {
			isa = PBXResourcesBuildPhase;
			buildActionMask = 2147483647;
			files = (
			);
			runOnlyForDeploymentPostprocessing = 0;
		};
/* End PBXResourcesBuildPhase section */

/* Begin PBXSourcesBuildPhase section */
		578A2C0C1B1451EE000137A7 /* Sources */ = {
			isa = PBXSourcesBuildPhase;
			buildActionMask = 2147483647;
			files = (
				578A2C211B1451EE000137A7 /* GameViewController.m in Sources */,
				578A2C191B1451EE000137A7 /* AppDelegate.m in Sources */,
				578A2C1C1B1451EE000137A7 /* GameScene.m in Sources */,
				578A2C161B1451EE000137A7 /* main.m in Sources */,
			);
			runOnlyForDeploymentPostprocessing = 0;
		};
		578A2C2A1B1451EE000137A7 /* Sources */ = {
			isa = PBXSourcesBuildPhase;
			buildActionMask = 2147483647;
			files = (
				578A2C351B1451EE000137A7 /* MathMarathonTests.m in Sources */,
			);
			runOnlyForDeploymentPostprocessing = 0;
		};
/* End PBXSourcesBuildPhase section */

/* Begin PBXTargetDependency section */
		578A2C301B1451EE000137A7 /* PBXTargetDependency */ = {
			isa = PBXTargetDependency;
			target = 578A2C0F1B1451EE000137A7 /* MathMarathon */;
			targetProxy = 578A2C2F1B1451EE000137A7 /* PBXContainerItemProxy */;
		};
/* End PBXTargetDependency section */

/* Begin PBXVariantGroup section */
		578A2C221B1451EE000137A7 /* Main.storyboard */ = {
			isa = PBXVariantGroup;
			children = (
				578A2C231B1451EE000137A7 /* Base */,
			);
			name = Main.storyboard;
			sourceTree = "<group>";
		};
		578A2C271B1451EE000137A7 /* LaunchScreen.xib */ = {
			isa = PBXVariantGroup;
			children = (
				578A2C281B1451EE000137A7 /* Base */,
			);
			name = LaunchScreen.xib;
			sourceTree = "<group>";
		};
/* End PBXVariantGroup section */

/* Begin XCBuildConfiguration section */
		578A2C361B1451EE000137A7 /* Debug */ = {
			isa = XCBuildConfiguration;
			buildSettings = {
				ALWAYS_SEARCH_USER_PATHS = NO;
				CLANG_CXX_LANGUAGE_STANDARD = "gnu++0x";
				CLANG_CXX_LIBRARY = "libc++";
				CLANG_ENABLE_MODULES = YES;
				CLANG_ENABLE_OBJC_ARC = YES;
				CLANG_WARN_BOOL_CONVERSION = YES;
				CLANG_WARN_CONSTANT_CONVERSION = YES;
				CLANG_WARN_DIRECT_OBJC_ISA_USAGE = YES_ERROR;
				CLANG_WARN_EMPTY_BODY = YES;
				CLANG_WARN_ENUM_CONVERSION = YES;
				CLANG_WARN_INT_CONVERSION = YES;
				CLANG_WARN_OBJC_ROOT_CLASS = YES_ERROR;
				CLANG_WARN_UNREACHABLE_CODE = YES;
				CLANG_WARN__DUPLICATE_METHOD_MATCH = YES;
				"CODE_SIGN_IDENTITY[sdk=iphoneos*]" = "iPhone Developer";
				COPY_PHASE_STRIP = NO;
				ENABLE_STRICT_OBJC_MSGSEND = YES;
				GCC_C_LANGUAGE_STANDARD = gnu99;
				GCC_DYNAMIC_NO_PIC = NO;
				GCC_OPTIMIZATION_LEVEL = 0;
				GCC_PREPROCESSOR_DEFINITIONS = (
					"DEBUG=1",
					"$(inherited)",
				);
				GCC_SYMBOLS_PRIVATE_EXTERN = NO;
				GCC_WARN_64_TO_32_BIT_CONVERSION = YES;
				GCC_WARN_ABOUT_RETURN_TYPE = YES_ERROR;
				GCC_WARN_UNDECLARED_SELECTOR = YES;
				GCC_WARN_UNINITIALIZED_AUTOS = YES_AGGRESSIVE;
				GCC_WARN_UNUSED_FUNCTION = YES;
				GCC_WARN_UNUSED_VARIABLE = YES;
				IPHONEOS_DEPLOYMENT_TARGET = 8.2;
				MTL_ENABLE_DEBUG_INFO = YES;
				ONLY_ACTIVE_ARCH = YES;
				SDKROOT = iphoneos;
			};
			name = Debug;
		};
		578A2C371B1451EE000137A7 /* Release */ = {
			isa = XCBuildConfiguration;
			buildSettings = {
				ALWAYS_SEARCH_USER_PATHS = NO;
				CLANG_CXX_LANGUAGE_STANDARD = "gnu++0x";
				CLANG_CXX_LIBRARY = "libc++";
				CLANG_ENABLE_MODULES = YES;
				CLANG_ENABLE_OBJC_ARC = YES;
				CLANG_WARN_BOOL_CONVERSION = YES;
				CLANG_WARN_CONSTANT_CONVERSION = YES;
				CLANG_WARN_DIRECT_OBJC_ISA_USAGE = YES_ERROR;
				CLANG_WARN_EMPTY_BODY = YES;
				CLANG_WARN_ENUM_CONVERSION = YES;
				CLANG_WARN_INT_CONVERSION = YES;
				CLANG_WARN_OBJC_ROOT_CLASS = YES_ERROR;
				CLANG_WARN_UNREACHABLE_CODE = YES;
				CLANG_WARN__DUPLICATE_METHOD_MATCH = YES;
				"CODE_SIGN_IDENTITY[sdk=iphoneos*]" = "iPhone Developer";
				COPY_PHASE_STRIP = NO;
				ENABLE_NS_ASSERTIONS = NO;
				ENABLE_STRICT_OBJC_MSGSEND = YES;
				GCC_C_LANGUAGE_STANDARD = gnu99;
				GCC_WARN_64_TO_32_BIT_CONVERSION = YES;
				GCC_WARN_ABOUT_RETURN_TYPE = YES_ERROR;
				GCC_WARN_UNDECLARED_SELECTOR = YES;
				GCC_WARN_UNINITIALIZED_AUTOS = YES_AGGRESSIVE;
				GCC_WARN_UNUSED_FUNCTION = YES;
				GCC_WARN_UNUSED_VARIABLE = YES;
				IPHONEOS_DEPLOYMENT_TARGET = 8.2;
				MTL_ENABLE_DEBUG_INFO = NO;
				SDKROOT = iphoneos;
				VALIDATE_PRODUCT = YES;
			};
			name = Release;
		};
		578A2C391B1451EE000137A7 /* Debug */ = {
			isa = XCBuildConfiguration;
			buildSettings = {
				ASSETCATALOG_COMPILER_APPICON_NAME = AppIcon;
				INFOPLIST_FILE = MathMarathon/Info.plist;
				LD_RUNPATH_SEARCH_PATHS = "$(inherited) @executable_path/Frameworks";
				PRODUCT_NAME = "$(TARGET_NAME)";
			};
			name = Debug;
		};
		578A2C3A1B1451EE000137A7 /* Release */ = {
			isa = XCBuildConfiguration;
			buildSettings = {
				ASSETCATALOG_COMPILER_APPICON_NAME = AppIcon;
				INFOPLIST_FILE = MathMarathon/Info.plist;
				LD_RUNPATH_SEARCH_PATHS = "$(inherited) @executable_path/Frameworks";
				PRODUCT_NAME = "$(TARGET_NAME)";
			};
			name = Release;
		};
		578A2C3C1B1451EE000137A7 /* Debug */ = {
			isa = XCBuildConfiguration;
			buildSettings = {
				BUNDLE_LOADER = "$(TEST_HOST)";
				FRAMEWORK_SEARCH_PATHS = (
					"$(SDKROOT)/Developer/Library/Frameworks",
					"$(inherited)",
				);
				GCC_PREPROCESSOR_DEFINITIONS = (
					"DEBUG=1",
					"$(inherited)",
				);
				INFOPLIST_FILE = MathMarathonTests/Info.plist;
				LD_RUNPATH_SEARCH_PATHS = "$(inherited) @executable_path/Frameworks @loader_path/Frameworks";
				PRODUCT_NAME = "$(TARGET_NAME)";
				TEST_HOST = "$(BUILT_PRODUCTS_DIR)/MathMarathon.app/MathMarathon";
			};
			name = Debug;
		};
		578A2C3D1B1451EE000137A7 /* Release */ = {
			isa = XCBuildConfiguration;
			buildSettings = {
				BUNDLE_LOADER = "$(TEST_HOST)";
				FRAMEWORK_SEARCH_PATHS = (
					"$(SDKROOT)/Developer/Library/Frameworks",
					"$(inherited)",
				);
				INFOPLIST_FILE = MathMarathonTests/Info.plist;
				LD_RUNPATH_SEARCH_PATHS = "$(inherited) @executable_path/Frameworks @loader_path/Frameworks";
				PRODUCT_NAME = "$(TARGET_NAME)";
				TEST_HOST = "$(BUILT_PRODUCTS_DIR)/MathMarathon.app/MathMarathon";
			};
			name = Release;
		};
/* End XCBuildConfiguration section */

/* Begin XCConfigurationList section */
		578A2C0B1B1451EE000137A7 /* Build configuration list for PBXProject "MathMarathon" */ = {
			isa = XCConfigurationList;
			buildConfigurations = (
				578A2C361B1451EE000137A7 /* Debug */,
				578A2C371B1451EE000137A7 /* Release */,
			);
			defaultConfigurationIsVisible = 0;
			defaultConfigurationName = Release;
		};
		578A2C381B1451EE000137A7 /* Build configuration list for PBXNativeTarget "MathMarathon" */ = {
			isa = XCConfigurationList;
			buildConfigurations = (
				578A2C391B1451EE000137A7 /* Debug */,
				578A2C3A1B1451EE000137A7 /* Release */,
			);
			defaultConfigurationIsVisible = 0;
		};
		578A2C3B1B1451EE000137A7 /* Build configuration list for PBXNativeTarget "MathMarathonTests" */ = {
			isa = XCConfigurationList;
			buildConfigurations = (
				578A2C3C1B1451EE000137A7 /* Debug */,
				578A2C3D1B1451EE000137A7 /* Release */,
			);
			defaultConfigurationIsVisible = 0;
		};
/* End XCConfigurationList section */
	};
	rootObject = 578A2C081B1451EE000137A7 /* Project object */;
}
